// !$*UTF8*$!
{
	archiveVersion = 1;
	classes = {
	};
	objectVersion = 50;
	objects = {

/* Begin PBXBuildFile section */
		B7162AFA264A420200E6F020 /* StatusBarController.swift in Sources */ = {isa = PBXBuildFile; fileRef = B7162AF9264A420200E6F020 /* StatusBarController.swift */; };
		B763393B2647B6C2005ED52E /* Pasta_BoardApp.swift in Sources */ = {isa = PBXBuildFile; fileRef = B763393A2647B6C2005ED52E /* Pasta_BoardApp.swift */; };
		B763393D2647B6C2005ED52E /* ContentView.swift in Sources */ = {isa = PBXBuildFile; fileRef = B763393C2647B6C2005ED52E /* ContentView.swift */; };
		B763393F2647B6C6005ED52E /* Assets.xcassets in Resources */ = {isa = PBXBuildFile; fileRef = B763393E2647B6C6005ED52E /* Assets.xcassets */; };
		B76339422647B6C6005ED52E /* Preview Assets.xcassets in Resources */ = {isa = PBXBuildFile; fileRef = B76339412647B6C6005ED52E /* Preview Assets.xcassets */; };
		B763394C2647B6E0005ED52E /* ClipboardManager.swift in Sources */ = {isa = PBXBuildFile; fileRef = B763394B2647B6E0005ED52E /* ClipboardManager.swift */; };
		B76339532647BF1D005ED52E /* Extensions.swift in Sources */ = {isa = PBXBuildFile; fileRef = B76339522647BF1D005ED52E /* Extensions.swift */; };
/* End PBXBuildFile section */

/* Begin PBXFileReference section */
		B7162AF9264A420200E6F020 /* StatusBarController.swift */ = {isa = PBXFileReference; lastKnownFileType = sourcecode.swift; path = StatusBarController.swift; sourceTree = "<group>"; };
		B76339372647B6C2005ED52E /* Pasta Board.app */ = {isa = PBXFileReference; explicitFileType = wrapper.application; includeInIndex = 0; path = "Pasta Board.app"; sourceTree = BUILT_PRODUCTS_DIR; };
		B763393A2647B6C2005ED52E /* Pasta_BoardApp.swift */ = {isa = PBXFileReference; lastKnownFileType = sourcecode.swift; path = Pasta_BoardApp.swift; sourceTree = "<group>"; };
		B763393C2647B6C2005ED52E /* ContentView.swift */ = {isa = PBXFileReference; lastKnownFileType = sourcecode.swift; path = ContentView.swift; sourceTree = "<group>"; };
		B763393E2647B6C6005ED52E /* Assets.xcassets */ = {isa = PBXFileReference; lastKnownFileType = folder.assetcatalog; path = Assets.xcassets; sourceTree = "<group>"; };
		B76339412647B6C6005ED52E /* Preview Assets.xcassets */ = {isa = PBXFileReference; lastKnownFileType = folder.assetcatalog; path = "Preview Assets.xcassets"; sourceTree = "<group>"; };
		B76339432647B6C6005ED52E /* Info.plist */ = {isa = PBXFileReference; lastKnownFileType = text.plist.xml; path = Info.plist; sourceTree = "<group>"; };
		B76339442647B6C6005ED52E /* Pasta_Board.entitlements */ = {isa = PBXFileReference; lastKnownFileType = text.plist.entitlements; path = Pasta_Board.entitlements; sourceTree = "<group>"; };
		B763394B2647B6E0005ED52E /* ClipboardManager.swift */ = {isa = PBXFileReference; lastKnownFileType = sourcecode.swift; path = ClipboardManager.swift; sourceTree = "<group>"; };
		B76339522647BF1D005ED52E /* Extensions.swift */ = {isa = PBXFileReference; lastKnownFileType = sourcecode.swift; path = Extensions.swift; sourceTree = "<group>"; };
/* End PBXFileReference section */

/* Begin PBXFrameworksBuildPhase section */
		B76339342647B6C2005ED52E /* Frameworks */ = {
			isa = PBXFrameworksBuildPhase;
			buildActionMask = 2147483647;
			files = (
			);
			runOnlyForDeploymentPostprocessing = 0;
		};
/* End PBXFrameworksBuildPhase section */

/* Begin PBXGroup section */
		B763392E2647B6C2005ED52E = {
			isa = PBXGroup;
			children = (
				B76339392647B6C2005ED52E /* Pasta Board */,
				B76339382647B6C2005ED52E /* Products */,
			);
			sourceTree = "<group>";
		};
		B76339382647B6C2005ED52E /* Products */ = {
			isa = PBXGroup;
			children = (
				B76339372647B6C2005ED52E /* Pasta Board.app */,
			);
			name = Products;
			sourceTree = "<group>";
		};
		B76339392647B6C2005ED52E /* Pasta Board */ = {
			isa = PBXGroup;
			children = (
				B763393A2647B6C2005ED52E /* Pasta_BoardApp.swift */,
				B763393C2647B6C2005ED52E /* ContentView.swift */,
				B7162AF9264A420200E6F020 /* StatusBarController.swift */,
				B763393E2647B6C6005ED52E /* Assets.xcassets */,
				B76339432647B6C6005ED52E /* Info.plist */,
				B76339442647B6C6005ED52E /* Pasta_Board.entitlements */,
				B76339402647B6C6005ED52E /* Preview Content */,
				B763394B2647B6E0005ED52E /* ClipboardManager.swift */,
				B76339522647BF1D005ED52E /* Extensions.swift */,
			);
			path = "Pasta Board";
			sourceTree = "<group>";
		};
		B76339402647B6C6005ED52E /* Preview Content */ = {
			isa = PBXGroup;
			children = (
				B76339412647B6C6005ED52E /* Preview Assets.xcassets */,
			);
			path = "Preview Content";
			sourceTree = "<group>";
		};
/* End PBXGroup section */

/* Begin PBXNativeTarget section */
		B76339362647B6C2005ED52E /* Pasta Board */ = {
			isa = PBXNativeTarget;
			buildConfigurationList = B76339472647B6C6005ED52E /* Build configuration list for PBXNativeTarget "Pasta Board" */;
			buildPhases = (
				B76339332647B6C2005ED52E /* Sources */,
				B76339342647B6C2005ED52E /* Frameworks */,
				B76339352647B6C2005ED52E /* Resources */,
			);
			buildRules = (
			);
			dependencies = (
			);
			name = "Pasta Board";
			productName = "Pasta Board";
			productReference = B76339372647B6C2005ED52E /* Pasta Board.app */;
			productType = "com.apple.product-type.application";
		};
/* End PBXNativeTarget section */

/* Begin PBXProject section */
		B763392F2647B6C2005ED52E /* Project object */ = {
			isa = PBXProject;
			attributes = {
				LastSwiftUpdateCheck = 1230;
				LastUpgradeCheck = 1230;
				TargetAttributes = {
					B76339362647B6C2005ED52E = {
						CreatedOnToolsVersion = 12.3;
					};
				};
			};
			buildConfigurationList = B76339322647B6C2005ED52E /* Build configuration list for PBXProject "Pasta Board" */;
			compatibilityVersion = "Xcode 9.3";
			developmentRegion = en;
			hasScannedForEncodings = 0;
			knownRegions = (
				en,
				Base,
			);
			mainGroup = B763392E2647B6C2005ED52E;
			productRefGroup = B76339382647B6C2005ED52E /* Products */;
			projectDirPath = "";
			projectRoot = "";
			targets = (
				B76339362647B6C2005ED52E /* Pasta Board */,
			);
		};
/* End PBXProject section */

/* Begin PBXResourcesBuildPhase section */
		B76339352647B6C2005ED52E /* Resources */ = {
			isa = PBXResourcesBuildPhase;
			buildActionMask = 2147483647;
			files = (
				B76339422647B6C6005ED52E /* Preview Assets.xcassets in Resources */,
				B763393F2647B6C6005ED52E /* Assets.xcassets in Resources */,
			);
			runOnlyForDeploymentPostprocessing = 0;
		};
/* End PBXResourcesBuildPhase section */

/* Begin PBXSourcesBuildPhase section */
		B76339332647B6C2005ED52E /* Sources */ = {
			isa = PBXSourcesBuildPhase;
			buildActionMask = 2147483647;
			files = (
				B763393D2647B6C2005ED52E /* ContentView.swift in Sources */,
				B763394C2647B6E0005ED52E /* ClipboardManager.swift in Sources */,
				B763393B2647B6C2005ED52E /* Pasta_BoardApp.swift in Sources */,
				B7162AFA264A420200E6F020 /* StatusBarController.swift in Sources */,
				B76339532647BF1D005ED52E /* Extensions.swift in Sources */,
			);
			runOnlyForDeploymentPostprocessing = 0;
		};
/* End PBXSourcesBuildPhase section */

/* Begin XCBuildConfiguration section */
		B76339452647B6C6005ED52E /* Debug */ = {
			isa = XCBuildConfiguration;
			buildSettings = {
				ALWAYS_SEARCH_USER_PATHS = NO;
				CLANG_ANALYZER_NONNULL = YES;
				CLANG_ANALYZER_NUMBER_OBJECT_CONVERSION = YES_AGGRESSIVE;
				CLANG_CXX_LANGUAGE_STANDARD = "gnu++14";
				CLANG_CXX_LIBRARY = "libc++";
				CLANG_ENABLE_MODULES = YES;
				CLANG_ENABLE_OBJC_ARC = YES;
				CLANG_ENABLE_OBJC_WEAK = YES;
				CLANG_WARN_BLOCK_CAPTURE_AUTORELEASING = YES;
				CLANG_WARN_BOOL_CONVERSION = YES;
				CLANG_WARN_COMMA = YES;
				CLANG_WARN_CONSTANT_CONVERSION = YES;
				CLANG_WARN_DEPRECATED_OBJC_IMPLEMENTATIONS = YES;
				CLANG_WARN_DIRECT_OBJC_ISA_USAGE = YES_ERROR;
				CLANG_WARN_DOCUMENTATION_COMMENTS = YES;
				CLANG_WARN_EMPTY_BODY = YES;
				CLANG_WARN_ENUM_CONVERSION = YES;
				CLANG_WARN_INFINITE_RECURSION = YES;
				CLANG_WARN_INT_CONVERSION = YES;
				CLANG_WARN_NON_LITERAL_NULL_CONVERSION = YES;
				CLANG_WARN_OBJC_IMPLICIT_RETAIN_SELF = YES;
				CLANG_WARN_OBJC_LITERAL_CONVERSION = YES;
				CLANG_WARN_OBJC_ROOT_CLASS = YES_ERROR;
				CLANG_WARN_QUOTED_INCLUDE_IN_FRAMEWORK_HEADER = YES;
				CLANG_WARN_RANGE_LOOP_ANALYSIS = YES;
				CLANG_WARN_STRICT_PROTOTYPES = YES;
				CLANG_WARN_SUSPICIOUS_MOVE = YES;
				CLANG_WARN_UNGUARDED_AVAILABILITY = YES_AGGRESSIVE;
				CLANG_WARN_UNREACHABLE_CODE = YES;
				CLANG_WARN__DUPLICATE_METHOD_MATCH = YES;
				COPY_PHASE_STRIP = NO;
				DEBUG_INFORMATION_FORMAT = dwarf;
				ENABLE_STRICT_OBJC_MSGSEND = YES;
				ENABLE_TESTABILITY = YES;
				GCC_C_LANGUAGE_STANDARD = gnu11;
				GCC_DYNAMIC_NO_PIC = NO;
				GCC_NO_COMMON_BLOCKS = YES;
				GCC_OPTIMIZATION_LEVEL = 0;
				GCC_PREPROCESSOR_DEFINITIONS = (
					"DEBUG=1",
					"$(inherited)",
				);
				GCC_WARN_64_TO_32_BIT_CONVERSION = YES;
				GCC_WARN_ABOUT_RETURN_TYPE = YES_ERROR;
				GCC_WARN_UNDECLARED_SELECTOR = YES;
				GCC_WARN_UNINITIALIZED_AUTOS = YES_AGGRESSIVE;
				GCC_WARN_UNUSED_FUNCTION = YES;
				GCC_WARN_UNUSED_VARIABLE = YES;
				MACOSX_DEPLOYMENT_TARGET = 11.1;
				MTL_ENABLE_DEBUG_INFO = INCLUDE_SOURCE;
				MTL_FAST_MATH = YES;
				ONLY_ACTIVE_ARCH = YES;
				SDKROOT = macosx;
				SWIFT_ACTIVE_COMPILATION_CONDITIONS = DEBUG;
				SWIFT_OPTIMIZATION_LEVEL = "-Onone";
			};
			name = Debug;
		};
		B76339462647B6C6005ED52E /* Release */ = {
			isa = XCBuildConfiguration;
			buildSettings = {
				ALWAYS_SEARCH_USER_PATHS = NO;
				CLANG_ANALYZER_NONNULL = YES;
				CLANG_ANALYZER_NUMBER_OBJECT_CONVERSION = YES_AGGRESSIVE;
				CLANG_CXX_LANGUAGE_STANDARD = "gnu++14";
				CLANG_CXX_LIBRARY = "libc++";
				CLANG_ENABLE_MODULES = YES;
				CLANG_ENABLE_OBJC_ARC = YES;
				CLANG_ENABLE_OBJC_WEAK = YES;
				CLANG_WARN_BLOCK_CAPTURE_AUTORELEASING = YES;
				CLANG_WARN_BOOL_CONVERSION = YES;
				CLANG_WARN_COMMA = YES;
				CLANG_WARN_CONSTANT_CONVERSION = YES;
				CLANG_WARN_DEPRECATED_OBJC_IMPLEMENTATIONS = YES;
				CLANG_WARN_DIRECT_OBJC_ISA_USAGE = YES_ERROR;
				CLANG_WARN_DOCUMENTATION_COMMENTS = YES;
				CLANG_WARN_EMPTY_BODY = YES;
				CLANG_WARN_ENUM_CONVERSION = YES;
				CLANG_WARN_INFINITE_RECURSION = YES;
				CLANG_WARN_INT_CONVERSION = YES;
				CLANG_WARN_NON_LITERAL_NULL_CONVERSION = YES;
				CLANG_WARN_OBJC_IMPLICIT_RETAIN_SELF = YES;
				CLANG_WARN_OBJC_LITERAL_CONVERSION = YES;
				CLANG_WARN_OBJC_ROOT_CLASS = YES_ERROR;
				CLANG_WARN_QUOTED_INCLUDE_IN_FRAMEWORK_HEADER = YES;
				CLANG_WARN_RANGE_LOOP_ANALYSIS = YES;
				CLANG_WARN_STRICT_PROTOTYPES = YES;
				CLANG_WARN_SUSPICIOUS_MOVE = YES;
				CLANG_WARN_UNGUARDED_AVAILABILITY = YES_AGGRESSIVE;
				CLANG_WARN_UNREACHABLE_CODE = YES;
				CLANG_WARN__DUPLICATE_METHOD_MATCH = YES;
				COPY_PHASE_STRIP = NO;
				DEBUG_INFORMATION_FORMAT = "dwarf-with-dsym";
				ENABLE_NS_ASSERTIONS = NO;
				ENABLE_STRICT_OBJC_MSGSEND = YES;
				GCC_C_LANGUAGE_STANDARD = gnu11;
				GCC_NO_COMMON_BLOCKS = YES;
				GCC_WARN_64_TO_32_BIT_CONVERSION = YES;
				GCC_WARN_ABOUT_RETURN_TYPE = YES_ERROR;
				GCC_WARN_UNDECLARED_SELECTOR = YES;
				GCC_WARN_UNINITIALIZED_AUTOS = YES_AGGRESSIVE;
				GCC_WARN_UNUSED_FUNCTION = YES;
				GCC_WARN_UNUSED_VARIABLE = YES;
				MACOSX_DEPLOYMENT_TARGET = 11.1;
				MTL_ENABLE_DEBUG_INFO = NO;
				MTL_FAST_MATH = YES;
				SDKROOT = macosx;
				SWIFT_COMPILATION_MODE = wholemodule;
				SWIFT_OPTIMIZATION_LEVEL = "-O";
			};
			name = Release;
		};
		B76339482647B6C6005ED52E /* Debug */ = {
			isa = XCBuildConfiguration;
			buildSettings = {
				ASSETCATALOG_COMPILER_APPICON_NAME = AppIcon;
				ASSETCATALOG_COMPILER_GLOBAL_ACCENT_COLOR_NAME = AccentColor;
				CODE_SIGN_ENTITLEMENTS = "Pasta Board/Pasta_Board.entitlements";
				CODE_SIGN_STYLE = Automatic;
				COMBINE_HIDPI_IMAGES = YES;
				DEVELOPMENT_ASSET_PATHS = "\"Pasta Board/Preview Content\"";
				DEVELOPMENT_TEAM = TR3K2EP48P;
				ENABLE_HARDENED_RUNTIME = YES;
				ENABLE_PREVIEWS = YES;
				INFOPLIST_FILE = "Pasta Board/Info.plist";
				LD_RUNPATH_SEARCH_PATHS = (
					"$(inherited)",
					"@executable_path/../Frameworks",
				);
				MACOSX_DEPLOYMENT_TARGET = 11.0;
				PRODUCT_BUNDLE_IDENTIFIER = "com.luby.Pasta-Board";
				PRODUCT_NAME = "$(TARGET_NAME)";
				SWIFT_VERSION = 5.0;
			};
			name = Debug;
		};
		B76339492647B6C6005ED52E /* Release */ = {
			isa = XCBuildConfiguration;
			buildSettings = {
				ASSETCATALOG_COMPILER_APPICON_NAME = AppIcon;
				ASSETCATALOG_COMPILER_GLOBAL_ACCENT_COLOR_NAME = AccentColor;
				CODE_SIGN_ENTITLEMENTS = "Pasta Board/Pasta_Board.entitlements";
				CODE_SIGN_STYLE = Automatic;
				COMBINE_HIDPI_IMAGES = YES;
				DEVELOPMENT_ASSET_PATHS = "\"Pasta Board/Preview Content\"";
				DEVELOPMENT_TEAM = TR3K2EP48P;
				ENABLE_HARDENED_RUNTIME = YES;
				ENABLE_PREVIEWS = YES;
				INFOPLIST_FILE = "Pasta Board/Info.plist";
				LD_RUNPATH_SEARCH_PATHS = (
					"$(inherited)",
					"@executable_path/../Frameworks",
				);
				MACOSX_DEPLOYMENT_TARGET = 11.0;
				PRODUCT_BUNDLE_IDENTIFIER = "com.luby.Pasta-Board";
				PRODUCT_NAME = "$(TARGET_NAME)";
				SWIFT_VERSION = 5.0;
			};
			name = Release;
		};
/* End XCBuildConfiguration section */

/* Begin XCConfigurationList section */
		B76339322647B6C2005ED52E /* Build configuration list for PBXProject "Pasta Board" */ = {
			isa = XCConfigurationList;
			buildConfigurations = (
				B76339452647B6C6005ED52E /* Debug */,
				B76339462647B6C6005ED52E /* Release */,
			);
			defaultConfigurationIsVisible = 0;
			defaultConfigurationName = Release;
		};
		B76339472647B6C6005ED52E /* Build configuration list for PBXNativeTarget "Pasta Board" */ = {
			isa = XCConfigurationList;
			buildConfigurations = (
				B76339482647B6C6005ED52E /* Debug */,
				B76339492647B6C6005ED52E /* Release */,
			);
			defaultConfigurationIsVisible = 0;
			defaultConfigurationName = Release;
		};
/* End XCConfigurationList section */
	};
	rootObject = B763392F2647B6C2005ED52E /* Project object */;
}
